
Microsoft Visual Studio Solution File, Format Version 12.00
# Visual Studio 15
VisualStudioVersion = 15.0.27004.2002
MinimumVisualStudioVersion = 10.0.40219.1
Project("{FAE04EC0-301F-11D3-BF4B-00C04F79EFBC}") = "ConsoleApp5", "ConsoleApp5\ConsoleApp5.csproj", "{449F3DBE-6866-4DF0-83A6-E8FBB6931D18}"
EndProject
Global
	GlobalSection(SolutionConfigurationPlatforms) = preSolution
		Debug|Any CPU = Debug|Any CPU
		Release|Any CPU = Release|Any CPU
	EndGlobalSection
	GlobalSection(ProjectConfigurationPlatforms) = postSolution
		{449F3DBE-6866-4DF0-83A6-E8FBB6931D18}.Debug|Any CPU.ActiveCfg = Debug|Any CPU
		{449F3DBE-6866-4DF0-83A6-E8FBB6931D18}.Debug|Any CPU.Build.0 = Debug|Any CPU
		{449F3DBE-6866-4DF0-83A6-E8FBB6931D18}.Release|Any CPU.ActiveCfg = Release|Any CPU
		{449F3DBE-6866-4DF0-83A6-E8FBB6931D18}.Release|Any CPU.Build.0 = Release|Any CPU
	EndGlobalSection
	GlobalSection(SolutionProperties) = preSolution
		HideSolutionNode = FALSE
	EndGlobalSection
	GlobalSection(ExtensibilityGlobals) = postSolution
		SolutionGuid = {45D12F1B-6E48-4EF8-B2BE-CEA84B588E6A}
	EndGlobalSection
EndGlobal
